
Microsoft Visual Studio Solution File, Format Version 12.00
# Visual Studio Version 17
VisualStudioVersion = 17.3.32929.385
MinimumVisualStudioVersion = 10.0.40219.1
Project("{FAE04EC0-301F-11D3-BF4B-00C04F79EFBC}") = "TestDynamicTabPage", "TestDynamicTabPage\TestDynamicTabPage.csproj", "{1159AC46-A5DC-4926-A2BD-09134E1F4523}"
EndProject
Global
	GlobalSection(SolutionConfigurationPlatforms) = preSolution
		Debug|Any CPU = Debug|Any CPU
		Release|Any CPU = Release|Any CPU
	EndGlobalSection
	GlobalSection(ProjectConfigurationPlatforms) = postSolution
		{1159AC46-A5DC-4926-A2BD-09134E1F4523}.Debug|Any CPU.ActiveCfg = Debug|Any CPU
		{1159AC46-A5DC-4926-A2BD-09134E1F4523}.Debug|Any CPU.Build.0 = Debug|Any CPU
		{1159AC46-A5DC-4926-A2BD-09134E1F4523}.Release|Any CPU.ActiveCfg = Release|Any CPU
		{1159AC46-A5DC-4926-A2BD-09134E1F4523}.Release|Any CPU.Build.0 = Release|Any CPU
	EndGlobalSection
	GlobalSection(SolutionProperties) = preSolution
		HideSolutionNode = FALSE
	EndGlobalSection
	GlobalSection(ExtensibilityGlobals) = postSolution
		SolutionGuid = {FBB6BCC9-D261-4F0E-9C5A-C02AF721F86B}
	EndGlobalSection
EndGlobal
